
Microsoft Visual Studio Solution File, Format Version 12.00
# Visual Studio Version 17
VisualStudioVersion = 17.14.36915.13
MinimumVisualStudioVersion = 10.0.40219.1
Project("{FAE04EC0-301F-11D3-BF4B-00C04F79EFBC}") = "CourseManagement.Api", "CourseManagement.Api\CourseManagement.Api.csproj", "{7886EDB3-B54D-4327-AB1A-E3E0D82DEE49}"
EndProject
Project("{FAE04EC0-301F-11D3-BF4B-00C04F79EFBC}") = "CourseManagement.WebUI", "CourseManagement.WebUI\CourseManagement.WebUI.csproj", "{D1D69028-6644-4718-A6B2-3748DD181E88}"
EndProject
Global
	GlobalSection(SolutionConfigurationPlatforms) = preSolution
		Debug|Any CPU = Debug|Any CPU
		Release|Any CPU = Release|Any CPU
	EndGlobalSection
	GlobalSection(ProjectConfigurationPlatforms) = postSolution
		{7886EDB3-B54D-4327-AB1A-E3E0D82DEE49}.Debug|Any CPU.ActiveCfg = Debug|Any CPU
		{7886EDB3-B54D-4327-AB1A-E3E0D82DEE49}.Debug|Any CPU.Build.0 = Debug|Any CPU
		{7886EDB3-B54D-4327-AB1A-E3E0D82DEE49}.Release|Any CPU.ActiveCfg = Release|Any CPU
		{7886EDB3-B54D-4327-AB1A-E3E0D82DEE49}.Release|Any CPU.Build.0 = Release|Any CPU
		{D1D69028-6644-4718-A6B2-3748DD181E88}.Debug|Any CPU.ActiveCfg = Debug|Any CPU
		{D1D69028-6644-4718-A6B2-3748DD181E88}.Debug|Any CPU.Build.0 = Debug|Any CPU
		{D1D69028-6644-4718-A6B2-3748DD181E88}.Release|Any CPU.ActiveCfg = Release|Any CPU
		{D1D69028-6644-4718-A6B2-3748DD181E88}.Release|Any CPU.Build.0 = Release|Any CPU
	EndGlobalSection
	GlobalSection(SolutionProperties) = preSolution
		HideSolutionNode = FALSE
	EndGlobalSection
	GlobalSection(ExtensibilityGlobals) = postSolution
		SolutionGuid = {54739827-300E-4957-929F-288BA8F049F3}
	EndGlobalSection
EndGlobal
